// !$*UTF8*$!
{
	archiveVersion = 1;
	classes = {
	};
	objectVersion = 52;
	objects = {

/* Begin PBXBuildFile section */
		080B44CB25E8402D00980055 /* MovieDetailsViewController.swift in Sources */ = {isa = PBXBuildFile; fileRef = 080B44CA25E8402D00980055 /* MovieDetailsViewController.swift */; };
		081E56AA25E16BFC0074E7CA /* MovieCell.swift in Sources */ = {isa = PBXBuildFile; fileRef = 081E56A925E16BFC0074E7CA /* MovieCell.swift */; };
		08237E5225D98CDA006CA91C /* AppDelegate.swift in Sources */ = {isa = PBXBuildFile; fileRef = 08237E5125D98CDA006CA91C /* AppDelegate.swift */; };
		08237E5425D98CDA006CA91C /* SceneDelegate.swift in Sources */ = {isa = PBXBuildFile; fileRef = 08237E5325D98CDA006CA91C /* SceneDelegate.swift */; };
		08237E5925D98CDA006CA91C /* Main.storyboard in Resources */ = {isa = PBXBuildFile; fileRef = 08237E5725D98CDA006CA91C /* Main.storyboard */; };
		08237E5B25D98CDC006CA91C /* Assets.xcassets in Resources */ = {isa = PBXBuildFile; fileRef = 08237E5A25D98CDC006CA91C /* Assets.xcassets */; };
		08237E5E25D98CDC006CA91C /* LaunchScreen.storyboard in Resources */ = {isa = PBXBuildFile; fileRef = 08237E5C25D98CDC006CA91C /* LaunchScreen.storyboard */; };
		08237E6925D98CDD006CA91C /* flix_1Tests.swift in Sources */ = {isa = PBXBuildFile; fileRef = 08237E6825D98CDD006CA91C /* flix_1Tests.swift */; };
		08237E7425D98CDD006CA91C /* flix_1UITests.swift in Sources */ = {isa = PBXBuildFile; fileRef = 08237E7325D98CDD006CA91C /* flix_1UITests.swift */; };
		08237E8825D98FD0006CA91C /* MoviesViewController.swift in Sources */ = {isa = PBXBuildFile; fileRef = 08237E8725D98FD0006CA91C /* MoviesViewController.swift */; };
		08BA878425E1899900BD510A /* AlamofireImage in Frameworks */ = {isa = PBXBuildFile; productRef = 08BA878325E1899900BD510A /* AlamofireImage */; };
/* End PBXBuildFile section */

/* Begin PBXContainerItemProxy section */
		08237E6525D98CDD006CA91C /* PBXContainerItemProxy */ = {
			isa = PBXContainerItemProxy;
			containerPortal = 08237E4625D98CDA006CA91C /* Project object */;
			proxyType = 1;
			remoteGlobalIDString = 08237E4D25D98CDA006CA91C;
			remoteInfo = flix_1;
		};
		08237E7025D98CDD006CA91C /* PBXContainerItemProxy */ = {
			isa = PBXContainerItemProxy;
			containerPortal = 08237E4625D98CDA006CA91C /* Project object */;
			proxyType = 1;
			remoteGlobalIDString = 08237E4D25D98CDA006CA91C;
			remoteInfo = flix_1;
		};
/* End PBXContainerItemProxy section */

/* Begin PBXFileReference section */
		080B44CA25E8402D00980055 /* MovieDetailsViewController.swift */ = {isa = PBXFileReference; lastKnownFileType = sourcecode.swift; path = MovieDetailsViewController.swift; sourceTree = "<group>"; };
		081E56A925E16BFC0074E7CA /* MovieCell.swift */ = {isa = PBXFileReference; lastKnownFileType = sourcecode.swift; path = MovieCell.swift; sourceTree = "<group>"; };
		08237E4E25D98CDA006CA91C /* flix_1.app */ = {isa = PBXFileReference; explicitFileType = wrapper.application; includeInIndex = 0; path = flix_1.app; sourceTree = BUILT_PRODUCTS_DIR; };
		08237E5125D98CDA006CA91C /* AppDelegate.swift */ = {isa = PBXFileReference; lastKnownFileType = sourcecode.swift; path = AppDelegate.swift; sourceTree = "<group>"; };
		08237E5325D98CDA006CA91C /* SceneDelegate.swift */ = {isa = PBXFileReference; lastKnownFileType = sourcecode.swift; path = SceneDelegate.swift; sourceTree = "<group>"; };
		08237E5825D98CDA006CA91C /* Base */ = {isa = PBXFileReference; lastKnownFileType = file.storyboard; name = Base; path = Base.lproj/Main.storyboard; sourceTree = "<group>"; };
		08237E5A25D98CDC006CA91C /* Assets.xcassets */ = {isa = PBXFileReference; lastKnownFileType = folder.assetcatalog; path = Assets.xcassets; sourceTree = "<group>"; };
		08237E5D25D98CDC006CA91C /* Base */ = {isa = PBXFileReference; lastKnownFileType = file.storyboard; name = Base; path = Base.lproj/LaunchScreen.storyboard; sourceTree = "<group>"; };
		08237E5F25D98CDC006CA91C /* Info.plist */ = {isa = PBXFileReference; lastKnownFileType = text.plist.xml; path = Info.plist; sourceTree = "<group>"; };
		08237E6425D98CDD006CA91C /* flix_1Tests.xctest */ = {isa = PBXFileReference; explicitFileType = wrapper.cfbundle; includeInIndex = 0; path = flix_1Tests.xctest; sourceTree = BUILT_PRODUCTS_DIR; };
		08237E6825D98CDD006CA91C /* flix_1Tests.swift */ = {isa = PBXFileReference; lastKnownFileType = sourcecode.swift; path = flix_1Tests.swift; sourceTree = "<group>"; };
		08237E6A25D98CDD006CA91C /* Info.plist */ = {isa = PBXFileReference; lastKnownFileType = text.plist.xml; path = Info.plist; sourceTree = "<group>"; };
		08237E6F25D98CDD006CA91C /* flix_1UITests.xctest */ = {isa = PBXFileReference; explicitFileType = wrapper.cfbundle; includeInIndex = 0; path = flix_1UITests.xctest; sourceTree = BUILT_PRODUCTS_DIR; };
		08237E7325D98CDD006CA91C /* flix_1UITests.swift */ = {isa = PBXFileReference; lastKnownFileType = sourcecode.swift; path = flix_1UITests.swift; sourceTree = "<group>"; };
		08237E7525D98CDD006CA91C /* Info.plist */ = {isa = PBXFileReference; lastKnownFileType = text.plist.xml; path = Info.plist; sourceTree = "<group>"; };
		08237E8725D98FD0006CA91C /* MoviesViewController.swift */ = {isa = PBXFileReference; lastKnownFileType = sourcecode.swift; path = MoviesViewController.swift; sourceTree = "<group>"; };
/* End PBXFileReference section */

/* Begin PBXFrameworksBuildPhase section */
		08237E4B25D98CDA006CA91C /* Frameworks */ = {
			isa = PBXFrameworksBuildPhase;
			buildActionMask = 2147483647;
			files = (
				08BA878425E1899900BD510A /* AlamofireImage in Frameworks */,
			);
			runOnlyForDeploymentPostprocessing = 0;
		};
		08237E6125D98CDD006CA91C /* Frameworks */ = {
			isa = PBXFrameworksBuildPhase;
			buildActionMask = 2147483647;
			files = (
			);
			runOnlyForDeploymentPostprocessing = 0;
		};
		08237E6C25D98CDD006CA91C /* Frameworks */ = {
			isa = PBXFrameworksBuildPhase;
			buildActionMask = 2147483647;
			files = (
			);
			runOnlyForDeploymentPostprocessing = 0;
		};
/* End PBXFrameworksBuildPhase section */

/* Begin PBXGroup section */
		08237E4525D98CDA006CA91C = {
			isa = PBXGroup;
			children = (
				08237E5025D98CDA006CA91C /* flix_1 */,
				08237E6725D98CDD006CA91C /* flix_1Tests */,
				08237E7225D98CDD006CA91C /* flix_1UITests */,
				08237E4F25D98CDA006CA91C /* Products */,
			);
			sourceTree = "<group>";
		};
		08237E4F25D98CDA006CA91C /* Products */ = {
			isa = PBXGroup;
			children = (
				08237E4E25D98CDA006CA91C /* flix_1.app */,
				08237E6425D98CDD006CA91C /* flix_1Tests.xctest */,
				08237E6F25D98CDD006CA91C /* flix_1UITests.xctest */,
			);
			name = Products;
			sourceTree = "<group>";
		};
		08237E5025D98CDA006CA91C /* flix_1 */ = {
			isa = PBXGroup;
			children = (
				08237E5125D98CDA006CA91C /* AppDelegate.swift */,
				08237E5325D98CDA006CA91C /* SceneDelegate.swift */,
				08237E5725D98CDA006CA91C /* Main.storyboard */,
				08237E5A25D98CDC006CA91C /* Assets.xcassets */,
				08237E5C25D98CDC006CA91C /* LaunchScreen.storyboard */,
				08237E5F25D98CDC006CA91C /* Info.plist */,
				08237E8725D98FD0006CA91C /* MoviesViewController.swift */,
				081E56A925E16BFC0074E7CA /* MovieCell.swift */,
				080B44CA25E8402D00980055 /* MovieDetailsViewController.swift */,
			);
			path = flix_1;
			sourceTree = "<group>";
		};
		08237E6725D98CDD006CA91C /* flix_1Tests */ = {
			isa = PBXGroup;
			children = (
				08237E6825D98CDD006CA91C /* flix_1Tests.swift */,
				08237E6A25D98CDD006CA91C /* Info.plist */,
			);
			path = flix_1Tests;
			sourceTree = "<group>";
		};
		08237E7225D98CDD006CA91C /* flix_1UITests */ = {
			isa = PBXGroup;
			children = (
				08237E7325D98CDD006CA91C /* flix_1UITests.swift */,
				08237E7525D98CDD006CA91C /* Info.plist */,
			);
			path = flix_1UITests;
			sourceTree = "<group>";
		};
/* End PBXGroup section */

/* Begin PBXNativeTarget section */
		08237E4D25D98CDA006CA91C /* flix_1 */ = {
			isa = PBXNativeTarget;
			buildConfigurationList = 08237E7825D98CDD006CA91C /* Build configuration list for PBXNativeTarget "flix_1" */;
			buildPhases = (
				08237E4A25D98CDA006CA91C /* Sources */,
				08237E4B25D98CDA006CA91C /* Frameworks */,
				08237E4C25D98CDA006CA91C /* Resources */,
			);
			buildRules = (
			);
			dependencies = (
			);
			name = flix_1;
			packageProductDependencies = (
				08BA878325E1899900BD510A /* AlamofireImage */,
			);
			productName = flix_1;
			productReference = 08237E4E25D98CDA006CA91C /* flix_1.app */;
			productType = "com.apple.product-type.application";
		};
		08237E6325D98CDD006CA91C /* flix_1Tests */ = {
			isa = PBXNativeTarget;
			buildConfigurationList = 08237E7B25D98CDD006CA91C /* Build configuration list for PBXNativeTarget "flix_1Tests" */;
			buildPhases = (
				08237E6025D98CDD006CA91C /* Sources */,
				08237E6125D98CDD006CA91C /* Frameworks */,
				08237E6225D98CDD006CA91C /* Resources */,
			);
			buildRules = (
			);
			dependencies = (
				08237E6625D98CDD006CA91C /* PBXTargetDependency */,
			);
			name = flix_1Tests;
			productName = flix_1Tests;
			productReference = 08237E6425D98CDD006CA91C /* flix_1Tests.xctest */;
			productType = "com.apple.product-type.bundle.unit-test";
		};
		08237E6E25D98CDD006CA91C /* flix_1UITests */ = {
			isa = PBXNativeTarget;
			buildConfigurationList = 08237E7E25D98CDD006CA91C /* Build configuration list for PBXNativeTarget "flix_1UITests" */;
			buildPhases = (
				08237E6B25D98CDD006CA91C /* Sources */,
				08237E6C25D98CDD006CA91C /* Frameworks */,
				08237E6D25D98CDD006CA91C /* Resources */,
			);
			buildRules = (
			);
			dependencies = (
				08237E7125D98CDD006CA91C /* PBXTargetDependency */,
			);
			name = flix_1UITests;
			productName = flix_1UITests;
			productReference = 08237E6F25D98CDD006CA91C /* flix_1UITests.xctest */;
			productType = "com.apple.product-type.bundle.ui-testing";
		};
/* End PBXNativeTarget section */

/* Begin PBXProject section */
		08237E4625D98CDA006CA91C /* Project object */ = {
			isa = PBXProject;
			attributes = {
				LastSwiftUpdateCheck = 1230;
				LastUpgradeCheck = 1230;
				TargetAttributes = {
					08237E4D25D98CDA006CA91C = {
						CreatedOnToolsVersion = 12.3;
					};
					08237E6325D98CDD006CA91C = {
						CreatedOnToolsVersion = 12.3;
						TestTargetID = 08237E4D25D98CDA006CA91C;
					};
					08237E6E25D98CDD006CA91C = {
						CreatedOnToolsVersion = 12.3;
					};
				};
			};
			buildConfigurationList = 08237E4925D98CDA006CA91C /* Build configuration list for PBXProject "flix_1" */;
			compatibilityVersion = "Xcode 9.3";
			developmentRegion = en;
			hasScannedForEncodings = 0;
			knownRegions = (
				en,
				Base,
			);
			mainGroup = 08237E4525D98CDA006CA91C;
			packageReferences = (
				08BA878225E1899900BD510A /* XCRemoteSwiftPackageReference "AlamofireImage" */,
			);
			productRefGroup = 08237E4F25D98CDA006CA91C /* Products */;
			projectDirPath = "";
			projectRoot = "";
			targets = (
				08237E4D25D98CDA006CA91C /* flix_1 */,
				08237E6325D98CDD006CA91C /* flix_1Tests */,
				08237E6E25D98CDD006CA91C /* flix_1UITests */,
			);
		};
/* End PBXProject section */

/* Begin PBXResourcesBuildPhase section */
		08237E4C25D98CDA006CA91C /* Resources */ = {
			isa = PBXResourcesBuildPhase;
			buildActionMask = 2147483647;
			files = (
				08237E5E25D98CDC006CA91C /* LaunchScreen.storyboard in Resources */,
				08237E5B25D98CDC006CA91C /* Assets.xcassets in Resources */,
				08237E5925D98CDA006CA91C /* Main.storyboard in Resources */,
			);
			runOnlyForDeploymentPostprocessing = 0;
		};
		08237E6225D98CDD006CA91C /* Resources */ = {
			isa = PBXResourcesBuildPhase;
			buildActionMask = 2147483647;
			files = (
			);
			runOnlyForDeploymentPostprocessing = 0;
		};
		08237E6D25D98CDD006CA91C /* Resources */ = {
			isa = PBXResourcesBuildPhase;
			buildActionMask = 2147483647;
			files = (
			);
			runOnlyForDeploymentPostprocessing = 0;
		};
/* End PBXResourcesBuildPhase section */

/* Begin PBXSourcesBuildPhase section */
		08237E4A25D98CDA006CA91C /* Sources */ = {
			isa = PBXSourcesBuildPhase;
			buildActionMask = 2147483647;
			files = (
				080B44CB25E8402D00980055 /* MovieDetailsViewController.swift in Sources */,
				08237E5225D98CDA006CA91C /* AppDelegate.swift in Sources */,
				08237E5425D98CDA006CA91C /* SceneDelegate.swift in Sources */,
				081E56AA25E16BFC0074E7CA /* MovieCell.swift in Sources */,
				08237E8825D98FD0006CA91C /* MoviesViewController.swift in Sources */,
			);
			runOnlyForDeploymentPostprocessing = 0;
		};
		08237E6025D98CDD006CA91C /* Sources */ = {
			isa = PBXSourcesBuildPhase;
			buildActionMask = 2147483647;
			files = (
				08237E6925D98CDD006CA91C /* flix_1Tests.swift in Sources */,
			);
			runOnlyForDeploymentPostprocessing = 0;
		};
		08237E6B25D98CDD006CA91C /* Sources */ = {
			isa = PBXSourcesBuildPhase;
			buildActionMask = 2147483647;
			files = (
				08237E7425D98CDD006CA91C /* flix_1UITests.swift in Sources */,
			);
			runOnlyForDeploymentPostprocessing = 0;
		};
/* End PBXSourcesBuildPhase section */

/* Begin PBXTargetDependency section */
		08237E6625D98CDD006CA91C /* PBXTargetDependency */ = {
			isa = PBXTargetDependency;
			target = 08237E4D25D98CDA006CA91C /* flix_1 */;
			targetProxy = 08237E6525D98CDD006CA91C /* PBXContainerItemProxy */;
		};
		08237E7125D98CDD006CA91C /* PBXTargetDependency */ = {
			isa = PBXTargetDependency;
			target = 08237E4D25D98CDA006CA91C /* flix_1 */;
			targetProxy = 08237E7025D98CDD006CA91C /* PBXContainerItemProxy */;
		};
/* End PBXTargetDependency section */

/* Begin PBXVariantGroup section */
		08237E5725D98CDA006CA91C /* Main.storyboard */ = {
			isa = PBXVariantGroup;
			children = (
				08237E5825D98CDA006CA91C /* Base */,
			);
			name = Main.storyboard;
			sourceTree = "<group>";
		};
		08237E5C25D98CDC006CA91C /* LaunchScreen.storyboard */ = {
			isa = PBXVariantGroup;
			children = (
				08237E5D25D98CDC006CA91C /* Base */,
			);
			name = LaunchScreen.storyboard;
			sourceTree = "<group>";
		};
/* End PBXVariantGroup section */

/* Begin XCBuildConfiguration section */
		08237E7625D98CDD006CA91C /* Debug */ = {
			isa = XCBuildConfiguration;
			buildSettings = {
				ALWAYS_SEARCH_USER_PATHS = NO;
				CLANG_ANALYZER_NONNULL = YES;
				CLANG_ANALYZER_NUMBER_OBJECT_CONVERSION = YES_AGGRESSIVE;
				CLANG_CXX_LANGUAGE_STANDARD = "gnu++14";
				CLANG_CXX_LIBRARY = "libc++";
				CLANG_ENABLE_MODULES = YES;
				CLANG_ENABLE_OBJC_ARC = YES;
				CLANG_ENABLE_OBJC_WEAK = YES;
				CLANG_WARN_BLOCK_CAPTURE_AUTORELEASING = YES;
				CLANG_WARN_BOOL_CONVERSION = YES;
				CLANG_WARN_COMMA = YES;
				CLANG_WARN_CONSTANT_CONVERSION = YES;
				CLANG_WARN_DEPRECATED_OBJC_IMPLEMENTATIONS = YES;
				CLANG_WARN_DIRECT_OBJC_ISA_USAGE = YES_ERROR;
				CLANG_WARN_DOCUMENTATION_COMMENTS = YES;
				CLANG_WARN_EMPTY_BODY = YES;
				CLANG_WARN_ENUM_CONVERSION = YES;
				CLANG_WARN_INFINITE_RECURSION = YES;
				CLANG_WARN_INT_CONVERSION = YES;
				CLANG_WARN_NON_LITERAL_NULL_CONVERSION = YES;
				CLANG_WARN_OBJC_IMPLICIT_RETAIN_SELF = YES;
				CLANG_WARN_OBJC_LITERAL_CONVERSION = YES;
				CLANG_WARN_OBJC_ROOT_CLASS = YES_ERROR;
				CLANG_WARN_QUOTED_INCLUDE_IN_FRAMEWORK_HEADER = YES;
				CLANG_WARN_RANGE_LOOP_ANALYSIS = YES;
				CLANG_WARN_STRICT_PROTOTYPES = YES;
				CLANG_WARN_SUSPICIOUS_MOVE = YES;
				CLANG_WARN_UNGUARDED_AVAILABILITY = YES_AGGRESSIVE;
				CLANG_WARN_UNREACHABLE_CODE = YES;
				CLANG_WARN__DUPLICATE_METHOD_MATCH = YES;
				COPY_PHASE_STRIP = NO;
				DEBUG_INFORMATION_FORMAT = dwarf;
				ENABLE_STRICT_OBJC_MSGSEND = YES;
				ENABLE_TESTABILITY = YES;
				GCC_C_LANGUAGE_STANDARD = gnu11;
				GCC_DYNAMIC_NO_PIC = NO;
				GCC_NO_COMMON_BLOCKS = YES;
				GCC_OPTIMIZATION_LEVEL = 0;
				GCC_PREPROCESSOR_DEFINITIONS = (
					"DEBUG=1",
					"$(inherited)",
				);
				GCC_WARN_64_TO_32_BIT_CONVERSION = YES;
				GCC_WARN_ABOUT_RETURN_TYPE = YES_ERROR;
				GCC_WARN_UNDECLARED_SELECTOR = YES;
				GCC_WARN_UNINITIALIZED_AUTOS = YES_AGGRESSIVE;
				GCC_WARN_UNUSED_FUNCTION = YES;
				GCC_WARN_UNUSED_VARIABLE = YES;
				IPHONEOS_DEPLOYMENT_TARGET = 14.3;
				MTL_ENABLE_DEBUG_INFO = INCLUDE_SOURCE;
				MTL_FAST_MATH = YES;
				ONLY_ACTIVE_ARCH = YES;
				SDKROOT = iphoneos;
				SWIFT_ACTIVE_COMPILATION_CONDITIONS = DEBUG;
				SWIFT_OPTIMIZATION_LEVEL = "-Onone";
			};
			name = Debug;
		};
		08237E7725D98CDD006CA91C /* Release */ = {
			isa = XCBuildConfiguration;
			buildSettings = {
				ALWAYS_SEARCH_USER_PATHS = NO;
				CLANG_ANALYZER_NONNULL = YES;
				CLANG_ANALYZER_NUMBER_OBJECT_CONVERSION = YES_AGGRESSIVE;
				CLANG_CXX_LANGUAGE_STANDARD = "gnu++14";
				CLANG_CXX_LIBRARY = "libc++";
				CLANG_ENABLE_MODULES = YES;
				CLANG_ENABLE_OBJC_ARC = YES;
				CLANG_ENABLE_OBJC_WEAK = YES;
				CLANG_WARN_BLOCK_CAPTURE_AUTORELEASING = YES;
				CLANG_WARN_BOOL_CONVERSION = YES;
				CLANG_WARN_COMMA = YES;
				CLANG_WARN_CONSTANT_CONVERSION = YES;
				CLANG_WARN_DEPRECATED_OBJC_IMPLEMENTATIONS = YES;
				CLANG_WARN_DIRECT_OBJC_ISA_USAGE = YES_ERROR;
				CLANG_WARN_DOCUMENTATION_COMMENTS = YES;
				CLANG_WARN_EMPTY_BODY = YES;
				CLANG_WARN_ENUM_CONVERSION = YES;
				CLANG_WARN_INFINITE_RECURSION = YES;
				CLANG_WARN_INT_CONVERSION = YES;
				CLANG_WARN_NON_LITERAL_NULL_CONVERSION = YES;
				CLANG_WARN_OBJC_IMPLICIT_RETAIN_SELF = YES;
				CLANG_WARN_OBJC_LITERAL_CONVERSION = YES;
				CLANG_WARN_OBJC_ROOT_CLASS = YES_ERROR;
				CLANG_WARN_QUOTED_INCLUDE_IN_FRAMEWORK_HEADER = YES;
				CLANG_WARN_RANGE_LOOP_ANALYSIS = YES;
				CLANG_WARN_STRICT_PROTOTYPES = YES;
				CLANG_WARN_SUSPICIOUS_MOVE = YES;
				CLANG_WARN_UNGUARDED_AVAILABILITY = YES_AGGRESSIVE;
				CLANG_WARN_UNREACHABLE_CODE = YES;
				CLANG_WARN__DUPLICATE_METHOD_MATCH = YES;
				COPY_PHASE_STRIP = NO;
				DEBUG_INFORMATION_FORMAT = "dwarf-with-dsym";
				ENABLE_NS_ASSERTIONS = NO;
				ENABLE_STRICT_OBJC_MSGSEND = YES;
				GCC_C_LANGUAGE_STANDARD = gnu11;
				GCC_NO_COMMON_BLOCKS = YES;
				GCC_WARN_64_TO_32_BIT_CONVERSION = YES;
				GCC_WARN_ABOUT_RETURN_TYPE = YES_ERROR;
				GCC_WARN_UNDECLARED_SELECTOR = YES;
				GCC_WARN_UNINITIALIZED_AUTOS = YES_AGGRESSIVE;
				GCC_WARN_UNUSED_FUNCTION = YES;
				GCC_WARN_UNUSED_VARIABLE = YES;
				IPHONEOS_DEPLOYMENT_TARGET = 14.3;
				MTL_ENABLE_DEBUG_INFO = NO;
				MTL_FAST_MATH = YES;
				SDKROOT = iphoneos;
				SWIFT_COMPILATION_MODE = wholemodule;
				SWIFT_OPTIMIZATION_LEVEL = "-O";
				VALIDATE_PRODUCT = YES;
			};
			name = Release;
		};
		08237E7925D98CDD006CA91C /* Debug */ = {
			isa = XCBuildConfiguration;
			buildSettings = {
				ASSETCATALOG_COMPILER_APPICON_NAME = AppIcon;
				ASSETCATALOG_COMPILER_GLOBAL_ACCENT_COLOR_NAME = AccentColor;
				CODE_SIGN_STYLE = Automatic;
				DEVELOPMENT_TEAM = JYR2R78358;
				INFOPLIST_FILE = flix_1/Info.plist;
				LD_RUNPATH_SEARCH_PATHS = (
					"$(inherited)",
					"@executable_path/Frameworks",
				);
				PRODUCT_BUNDLE_IDENTIFIER = "-078485797-qq.com.flix-1";
				PRODUCT_NAME = "$(TARGET_NAME)";
				SWIFT_VERSION = 5.0;
				TARGETED_DEVICE_FAMILY = "1,2";
			};
			name = Debug;
		};
		08237E7A25D98CDD006CA91C /* Release */ = {
			isa = XCBuildConfiguration;
			buildSettings = {
				ASSETCATALOG_COMPILER_APPICON_NAME = AppIcon;
				ASSETCATALOG_COMPILER_GLOBAL_ACCENT_COLOR_NAME = AccentColor;
				CODE_SIGN_STYLE = Automatic;
				DEVELOPMENT_TEAM = JYR2R78358;
				INFOPLIST_FILE = flix_1/Info.plist;
				LD_RUNPATH_SEARCH_PATHS = (
					"$(inherited)",
					"@executable_path/Frameworks",
				);
				PRODUCT_BUNDLE_IDENTIFIER = "-078485797-qq.com.flix-1";
				PRODUCT_NAME = "$(TARGET_NAME)";
				SWIFT_VERSION = 5.0;
				TARGETED_DEVICE_FAMILY = "1,2";
			};
			name = Release;
		};
		08237E7C25D98CDD006CA91C /* Debug */ = {
			isa = XCBuildConfiguration;
			buildSettings = {
				ALWAYS_EMBED_SWIFT_STANDARD_LIBRARIES = YES;
				BUNDLE_LOADER = "$(TEST_HOST)";
				"CODE_SIGN_IDENTITY[sdk=macosx*]" = "Apple Development";
				CODE_SIGN_STYLE = Automatic;
				DEVELOPMENT_TEAM = JYR2R78358;
				INFOPLIST_FILE = flix_1Tests/Info.plist;
				IPHONEOS_DEPLOYMENT_TARGET = 14.3;
				LD_RUNPATH_SEARCH_PATHS = (
					"$(inherited)",
					"@executable_path/Frameworks",
					"@loader_path/Frameworks",
				);
				PRODUCT_BUNDLE_IDENTIFIER = "-078485797-qq.com.flix-1Tests";
				PRODUCT_NAME = "$(TARGET_NAME)";
				SWIFT_VERSION = 5.0;
				TARGETED_DEVICE_FAMILY = "1,2";
				TEST_HOST = "$(BUILT_PRODUCTS_DIR)/flix_1.app/flix_1";
			};
			name = Debug;
		};
		08237E7D25D98CDD006CA91C /* Release */ = {
			isa = XCBuildConfiguration;
			buildSettings = {
				ALWAYS_EMBED_SWIFT_STANDARD_LIBRARIES = YES;
				BUNDLE_LOADER = "$(TEST_HOST)";
				"CODE_SIGN_IDENTITY[sdk=macosx*]" = "Apple Development";
				CODE_SIGN_STYLE = Automatic;
				DEVELOPMENT_TEAM = JYR2R78358;
				INFOPLIST_FILE = flix_1Tests/Info.plist;
				IPHONEOS_DEPLOYMENT_TARGET = 14.3;
				LD_RUNPATH_SEARCH_PATHS = (
					"$(inherited)",
					"@executable_path/Frameworks",
					"@loader_path/Frameworks",
				);
				PRODUCT_BUNDLE_IDENTIFIER = "-078485797-qq.com.flix-1Tests";
				PRODUCT_NAME = "$(TARGET_NAME)";
				SWIFT_VERSION = 5.0;
				TARGETED_DEVICE_FAMILY = "1,2";
				TEST_HOST = "$(BUILT_PRODUCTS_DIR)/flix_1.app/flix_1";
			};
			name = Release;
		};
		08237E7F25D98CDD006CA91C /* Debug */ = {
			isa = XCBuildConfiguration;
			buildSettings = {
				ALWAYS_EMBED_SWIFT_STANDARD_LIBRARIES = YES;
				"CODE_SIGN_IDENTITY[sdk=macosx*]" = "Apple Development";
				CODE_SIGN_STYLE = Automatic;
				DEVELOPMENT_TEAM = JYR2R78358;
				INFOPLIST_FILE = flix_1UITests/Info.plist;
				LD_RUNPATH_SEARCH_PATHS = (
					"$(inherited)",
					"@executable_path/Frameworks",
					"@loader_path/Frameworks",
				);
				PRODUCT_BUNDLE_IDENTIFIER = "-078485797-qq.com.flix-1UITests";
				PRODUCT_NAME = "$(TARGET_NAME)";
				PROVISIONING_PROFILE = "";
				SWIFT_VERSION = 5.0;
				TARGETED_DEVICE_FAMILY = "1,2";
			};
			name = Debug;
		};
		08237E8025D98CDD006CA91C /* Release */ = {
			isa = XCBuildConfiguration;
			buildSettings = {
				ALWAYS_EMBED_SWIFT_STANDARD_LIBRARIES = YES;
				"CODE_SIGN_IDENTITY[sdk=macosx*]" = "Apple Development";
				CODE_SIGN_STYLE = Automatic;
				DEVELOPMENT_TEAM = JYR2R78358;
				INFOPLIST_FILE = flix_1UITests/Info.plist;
				LD_RUNPATH_SEARCH_PATHS = (
					"$(inherited)",
					"@executable_path/Frameworks",
					"@loader_path/Frameworks",
				);
				PRODUCT_BUNDLE_IDENTIFIER = "-078485797-qq.com.flix-1UITests";
				PRODUCT_NAME = "$(TARGET_NAME)";
				PROVISIONING_PROFILE = "";
				SWIFT_VERSION = 5.0;
				TARGETED_DEVICE_FAMILY = "1,2";
			};
			name = Release;
		};
/* End XCBuildConfiguration section */

/* Begin XCConfigurationList section */
		08237E4925D98CDA006CA91C /* Build configuration list for PBXProject "flix_1" */ = {
			isa = XCConfigurationList;
			buildConfigurations = (
				08237E7625D98CDD006CA91C /* Debug */,
				08237E7725D98CDD006CA91C /* Release */,
			);
			defaultConfigurationIsVisible = 0;
			defaultConfigurationName = Release;
		};
		08237E7825D98CDD006CA91C /* Build configuration list for PBXNativeTarget "flix_1" */ = {
			isa = XCConfigurationList;
			buildConfigurations = (
				08237E7925D98CDD006CA91C /* Debug */,
				08237E7A25D98CDD006CA91C /* Release */,
			);
			defaultConfigurationIsVisible = 0;
			defaultConfigurationName = Release;
		};
		08237E7B25D98CDD006CA91C /* Build configuration list for PBXNativeTarget "flix_1Tests" */ = {
			isa = XCConfigurationList;
			buildConfigurations = (
				08237E7C25D98CDD006CA91C /* Debug */,
				08237E7D25D98CDD006CA91C /* Release */,
			);
			defaultConfigurationIsVisible = 0;
			defaultConfigurationName = Release;
		};
		08237E7E25D98CDD006CA91C /* Build configuration list for PBXNativeTarget "flix_1UITests" */ = {
			isa = XCConfigurationList;
			buildConfigurations = (
				08237E7F25D98CDD006CA91C /* Debug */,
				08237E8025D98CDD006CA91C /* Release */,
			);
			defaultConfigurationIsVisible = 0;
			defaultConfigurationName = Release;
		};
/* End XCConfigurationList section */

/* Begin XCRemoteSwiftPackageReference section */
		08BA878225E1899900BD510A /* XCRemoteSwiftPackageReference "AlamofireImage" */ = {
			isa = XCRemoteSwiftPackageReference;
			repositoryURL = "https://github.com/Alamofire/AlamofireImage.git";
			requirement = {
				kind = upToNextMajorVersion;
				minimumVersion = 4.1.0;
			};
		};
/* End XCRemoteSwiftPackageReference section */

/* Begin XCSwiftPackageProductDependency section */
		08BA878325E1899900BD510A /* AlamofireImage */ = {
			isa = XCSwiftPackageProductDependency;
			package = 08BA878225E1899900BD510A /* XCRemoteSwiftPackageReference "AlamofireImage" */;
			productName = AlamofireImage;
		};
/* End XCSwiftPackageProductDependency section */
	};
	rootObject = 08237E4625D98CDA006CA91C /* Project object */;
}
